
Microsoft Visual Studio Solution File, Format Version 12.00
# Visual Studio Version 16
VisualStudioVersion = 16.0.31005.135
MinimumVisualStudioVersion = 10.0.40219.1
Project("{FAE04EC0-301F-11D3-BF4B-00C04F79EFBC}") = "ConsoleApp2", "ConsoleApp2\ConsoleApp2.csproj", "{EF294671-F27D-48B4-BBC8-FC94EA2D682A}"
EndProject
Global
	GlobalSection(SolutionConfigurationPlatforms) = preSolution
		Debug|Any CPU = Debug|Any CPU
		Release|Any CPU = Release|Any CPU
	EndGlobalSection
	GlobalSection(ProjectConfigurationPlatforms) = postSolution
		{EF294671-F27D-48B4-BBC8-FC94EA2D682A}.Debug|Any CPU.ActiveCfg = Debug|Any CPU
		{EF294671-F27D-48B4-BBC8-FC94EA2D682A}.Debug|Any CPU.Build.0 = Debug|Any CPU
		{EF294671-F27D-48B4-BBC8-FC94EA2D682A}.Release|Any CPU.ActiveCfg = Release|Any CPU
		{EF294671-F27D-48B4-BBC8-FC94EA2D682A}.Release|Any CPU.Build.0 = Release|Any CPU
	EndGlobalSection
	GlobalSection(SolutionProperties) = preSolution
		HideSolutionNode = FALSE
	EndGlobalSection
	GlobalSection(ExtensibilityGlobals) = postSolution
		SolutionGuid = {AF22D9DA-994A-4EAF-843D-C4C2EA731F69}
	EndGlobalSection
EndGlobal
